
Microsoft Visual Studio Solution File, Format Version 12.00
# Visual Studio 15
VisualStudioVersion = 15.0.27703.2042
MinimumVisualStudioVersion = 10.0.40219.1
Project("{9A19103F-16F7-4668-BE54-9A1E7A4F7556}") = "Chip8", "Chip8\Chip8.csproj", "{285FAE62-9452-48E1-B631-0B29156F5730}"
EndProject
Project("{FAE04EC0-301F-11D3-BF4B-00C04F79EFBC}") = "Chip8.Tests", "Chip8.Tests\Chip8.Tests.csproj", "{4910B54B-F330-4F8E-87EE-AEB220CD4193}"
EndProject
Global
	GlobalSection(SolutionConfigurationPlatforms) = preSolution
		Debug|Any CPU = Debug|Any CPU
		Release|Any CPU = Release|Any CPU
	EndGlobalSection
	GlobalSection(ProjectConfigurationPlatforms) = postSolution
		{285FAE62-9452-48E1-B631-0B29156F5730}.Debug|Any CPU.ActiveCfg = Debug|Any CPU
		{285FAE62-9452-48E1-B631-0B29156F5730}.Debug|Any CPU.Build.0 = Debug|Any CPU
		{285FAE62-9452-48E1-B631-0B29156F5730}.Release|Any CPU.ActiveCfg = Release|Any CPU
		{285FAE62-9452-48E1-B631-0B29156F5730}.Release|Any CPU.Build.0 = Release|Any CPU
		{4910B54B-F330-4F8E-87EE-AEB220CD4193}.Debug|Any CPU.ActiveCfg = Debug|Any CPU
		{4910B54B-F330-4F8E-87EE-AEB220CD4193}.Debug|Any CPU.Build.0 = Debug|Any CPU
		{4910B54B-F330-4F8E-87EE-AEB220CD4193}.Release|Any CPU.ActiveCfg = Release|Any CPU
		{4910B54B-F330-4F8E-87EE-AEB220CD4193}.Release|Any CPU.Build.0 = Release|Any CPU
	EndGlobalSection
	GlobalSection(SolutionProperties) = preSolution
		HideSolutionNode = FALSE
	EndGlobalSection
	GlobalSection(ExtensibilityGlobals) = postSolution
		SolutionGuid = {DC653091-A850-4E8F-ACB4-1174DB16049A}
	EndGlobalSection
EndGlobal
